
Microsoft Visual Studio Solution File, Format Version 12.00
# Visual Studio Version 16
VisualStudioVersion = 16.0.32602.291
MinimumVisualStudioVersion = 10.0.40219.1
Project("{FAE04EC0-301F-11D3-BF4B-00C04F79EFBC}") = "Steganography_Tutorial", "Steganography_Tutorial\Steganography_Tutorial.csproj", "{F93C1ED4-7B1D-4520-864A-5496E0C0398D}"
EndProject
Global
	GlobalSection(SolutionConfigurationPlatforms) = preSolution
		Debug|Any CPU = Debug|Any CPU
		Release|Any CPU = Release|Any CPU
	EndGlobalSection
	GlobalSection(ProjectConfigurationPlatforms) = postSolution
		{F93C1ED4-7B1D-4520-864A-5496E0C0398D}.Debug|Any CPU.ActiveCfg = Debug|Any CPU
		{F93C1ED4-7B1D-4520-864A-5496E0C0398D}.Debug|Any CPU.Build.0 = Debug|Any CPU
		{F93C1ED4-7B1D-4520-864A-5496E0C0398D}.Release|Any CPU.ActiveCfg = Release|Any CPU
		{F93C1ED4-7B1D-4520-864A-5496E0C0398D}.Release|Any CPU.Build.0 = Release|Any CPU
	EndGlobalSection
	GlobalSection(SolutionProperties) = preSolution
		HideSolutionNode = FALSE
	EndGlobalSection
	GlobalSection(ExtensibilityGlobals) = postSolution
		SolutionGuid = {76443212-CFE2-4EE4-AAEF-5B4A1F7FBCF2}
	EndGlobalSection
EndGlobal
